PODS:
  - Alamofire (4.7.1)
  - AlamofireImage (3.3.1):
    - Alamofire (~> 4.5)
  - GoogleMaps (2.6.0):
    - GoogleMaps/Maps (= 2.6.0)
  - GoogleMaps/Base (2.6.0)
  - GoogleMaps/Maps (2.6.0):
    - GoogleMaps/Base
  - Keys (1.0.0)
  - SnapKit (4.0.0)
  - SwiftDate (4.5.1)

DEPENDENCIES:
  - AlamofireImage (~> 3.3)
  - GoogleMaps (~> 2.6.0)
  - Keys (from `Pods/CocoaPodsKeys`)
  - SnapKit (~> 4.0.0)
  - SwiftDate (~> 4.5.1)

EXTERNAL SOURCES:
  Keys:
    :path: Pods/CocoaPodsKeys

SPEC CHECKSUMS:
  Alamofire: 68d7d521118d49c615a8d2214d87cdf525599d30
  AlamofireImage: 3b35b586853abaf94ca1250f4e94cff3c21a4c0d
  GoogleMaps: 42f91c68b7fa2f84d5c86597b18ceb99f5414c7f
  Keys: af65e23feef2a047b3277b1ef0399f1209ef9d46
  SnapKit: a42d492c16e80209130a3379f73596c3454b7694
  SwiftDate: 7b56d42a221f582047287deb256b23fc5ed49a60

PODFILE CHECKSUM: c90c3eaffc80ef17cb2b66631a5b96852ff790c3

COCOAPODS: 1.4.0
