// !$*UTF8*$!
{
	archiveVersion = 1;
	classes = {
	};
	objectVersion = 48;
	objects = {

/* Begin PBXBuildFile section */
		0C0B0F4720681B4700D8D6DC /* DetailViewController.swift in Sources */ = {isa = PBXBuildFile; fileRef = 0C0B0F4620681B4700D8D6DC /* DetailViewController.swift */; };
		0C3C39652076C84500CA41DA /* DateHelpers.swift in Sources */ = {isa = PBXBuildFile; fileRef = 0C3C39642076C84500CA41DA /* DateHelpers.swift */; };
		0C6398442077AB990080E71B /* PopupViewHelpers.swift in Sources */ = {isa = PBXBuildFile; fileRef = 0C6398432077AB990080E71B /* PopupViewHelpers.swift */; };
		0C6398462077DD600080E71B /* Assets.xcassets in Resources */ = {isa = PBXBuildFile; fileRef = 0C6398452077DD600080E71B /* Assets.xcassets */; };
		0C933604204E8579004668CE /* LocationData.swift in Sources */ = {isa = PBXBuildFile; fileRef = 0C933603204E8579004668CE /* LocationData.swift */; };
		0CBFF351205E394500F7AEDB /* FeaturedViewController.swift in Sources */ = {isa = PBXBuildFile; fileRef = 0CBFF350205E394500F7AEDB /* FeaturedViewController.swift */; };
		0CBFF74E2076D31300FAF047 /* PopupViewController.swift in Sources */ = {isa = PBXBuildFile; fileRef = 0CBFF74D2076D31300FAF047 /* PopupViewController.swift */; };
		0CBFF7522076D4A600FAF047 /* FilterTableViewCell.swift in Sources */ = {isa = PBXBuildFile; fileRef = 0CBFF7512076D4A600FAF047 /* FilterTableViewCell.swift */; };
		0CBFF7542076D8BB00FAF047 /* ParseTag.swift in Sources */ = {isa = PBXBuildFile; fileRef = 0CBFF7532076D8BB00FAF047 /* ParseTag.swift */; };
		0CD80A692050CE8200F2FC91 /* locations-clean.json in Resources */ = {isa = PBXBuildFile; fileRef = 0CD80A682050CE8200F2FC91 /* locations-clean.json */; };
		7CBAB8D784B840FA0C7B78AE /* Pods_CampusTour.framework in Frameworks */ = {isa = PBXBuildFile; fileRef = 3CE7904CDF93FCD48D27432B /* Pods_CampusTour.framework */; };
		CC10D01A204C8DD2009B7808 /* POIMapViewController.swift in Sources */ = {isa = PBXBuildFile; fileRef = CC10D019204C8DD2009B7808 /* POIMapViewController.swift */; };
		CC1B744220767C8300A4012A /* DataManager.swift in Sources */ = {isa = PBXBuildFile; fileRef = CC1B744120767C8300A4012A /* DataManager.swift */; };
		CC1B744420767C8A00A4012A /* EventData.swift in Sources */ = {isa = PBXBuildFile; fileRef = CC1B744320767C8A00A4012A /* EventData.swift */; };
		CC1B744A2077ECF900A4012A /* ItemFeedSearchManager.swift in Sources */ = {isa = PBXBuildFile; fileRef = CC1B74492077ECF900A4012A /* ItemFeedSearchManager.swift */; };
		CC32B009205E02A400D08D9F /* ItemFeedViewController.swift in Sources */ = {isa = PBXBuildFile; fileRef = CC32B008205E02A400D08D9F /* ItemFeedViewController.swift */; };
		CC32B02B205EB59400D08D9F /* ItemOfInterestTableViewCell.swift in Sources */ = {isa = PBXBuildFile; fileRef = CC32B02A205EB59400D08D9F /* ItemOfInterestTableViewCell.swift */; };
		CC32B02D205EBC1F00D08D9F /* MapTableViewCell.swift in Sources */ = {isa = PBXBuildFile; fileRef = CC32B02C205EBC1F00D08D9F /* MapTableViewCell.swift */; };
		CC64244C20729331004FEAD0 /* LinearAlgebra.swift in Sources */ = {isa = PBXBuildFile; fileRef = CC64244B20729331004FEAD0 /* LinearAlgebra.swift */; };
		CC64244E2072A026004FEAD0 /* VirtualView.swift in Sources */ = {isa = PBXBuildFile; fileRef = CC64244D2072A026004FEAD0 /* VirtualView.swift */; };
		CC642457207554BC004FEAD0 /* ItemFeedSectionInfo.swift in Sources */ = {isa = PBXBuildFile; fileRef = CC642456207554BC004FEAD0 /* ItemFeedSectionInfo.swift */; };
		CC6F88F920630FCD00D14711 /* TextAndColorHelpers.swift in Sources */ = {isa = PBXBuildFile; fileRef = CC6F88F820630FCD00D14711 /* TextAndColorHelpers.swift */; };
		CC6F88FB2063160700D14711 /* StackViewHelpers.swift in Sources */ = {isa = PBXBuildFile; fileRef = CC6F88FA2063160700D14711 /* StackViewHelpers.swift */; };
		CC6F88FD2063191B00D14711 /* TestData.swift in Sources */ = {isa = PBXBuildFile; fileRef = CC6F88FC2063191B00D14711 /* TestData.swift */; };
		CC6F88FF20631BD000D14711 /* MiscUIHelpers.swift in Sources */ = {isa = PBXBuildFile; fileRef = CC6F88FE20631BD000D14711 /* MiscUIHelpers.swift */; };
		CCC583D5207867AC009538A1 /* FilterBarHelpers.swift in Sources */ = {isa = PBXBuildFile; fileRef = CCC583D4207867AC009538A1 /* FilterBarHelpers.swift */; };
		CCCE123D20476BA900DCCC39 /* AppDelegate.swift in Sources */ = {isa = PBXBuildFile; fileRef = CCCE123C20476BA900DCCC39 /* AppDelegate.swift */; };
		CCCE123F20476BA900DCCC39 /* ViewController.swift in Sources */ = {isa = PBXBuildFile; fileRef = CCCE123E20476BA900DCCC39 /* ViewController.swift */; };
		CCCE124720476BA900DCCC39 /* LaunchScreen.storyboard in Resources */ = {isa = PBXBuildFile; fileRef = CCCE124520476BA900DCCC39 /* LaunchScreen.storyboard */; };
		CCD7389B206878FF00563DBF /* ARExplorerViewController.swift in Sources */ = {isa = PBXBuildFile; fileRef = CCD7389A206878FF00563DBF /* ARExplorerViewController.swift */; };
		CCD7389D20687B2800563DBF /* ARGpsHelper.swift in Sources */ = {isa = PBXBuildFile; fileRef = CCD7389C20687B2800563DBF /* ARGpsHelper.swift */; };
		CCE0A4EA204F3D360083BAE7 /* LocationProvider.swift in Sources */ = {isa = PBXBuildFile; fileRef = CCE0A4E9204F3D360083BAE7 /* LocationProvider.swift */; };
		CCE0A4EC2051AD860083BAE7 /* MainTabBarController.swift in Sources */ = {isa = PBXBuildFile; fileRef = CCE0A4EB2051AD860083BAE7 /* MainTabBarController.swift */; };
		CCE0A4EF2051B3B10083BAE7 /* TabBarHelpers.swift in Sources */ = {isa = PBXBuildFile; fileRef = CCE0A4EE2051B3B10083BAE7 /* TabBarHelpers.swift */; };
		D14A2C1D2076A22F00B0CA96 /* LocationMarker.swift in Sources */ = {isa = PBXBuildFile; fileRef = D14A2C1C2076A22F00B0CA96 /* LocationMarker.swift */; };
		D14A2C1F2078A3FD00B0CA96 /* RPCircularProgress.swift in Sources */ = {isa = PBXBuildFile; fileRef = D14A2C1E2078A3FD00B0CA96 /* RPCircularProgress.swift */; };
		D14A2C212078A43900B0CA96 /* LoadingIndicator.swift in Sources */ = {isa = PBXBuildFile; fileRef = D14A2C202078A43900B0CA96 /* LoadingIndicator.swift */; };
		D14A2C252078C29300B0CA96 /* DataLoadingViewController.swift in Sources */ = {isa = PBXBuildFile; fileRef = D14A2C242078C29300B0CA96 /* DataLoadingViewController.swift */; };
/* End PBXBuildFile section */

/* Begin PBXFileReference section */
		0C0B0F4620681B4700D8D6DC /* DetailViewController.swift */ = {isa = PBXFileReference; lastKnownFileType = sourcecode.swift; path = DetailViewController.swift; sourceTree = "<group>"; };
		0C3C39642076C84500CA41DA /* DateHelpers.swift */ = {isa = PBXFileReference; fileEncoding = 4; lastKnownFileType = sourcecode.swift; path = DateHelpers.swift; sourceTree = "<group>"; };
		0C6398432077AB990080E71B /* PopupViewHelpers.swift */ = {isa = PBXFileReference; lastKnownFileType = sourcecode.swift; path = PopupViewHelpers.swift; sourceTree = "<group>"; };
		0C6398452077DD600080E71B /* Assets.xcassets */ = {isa = PBXFileReference; lastKnownFileType = folder.assetcatalog; path = Assets.xcassets; sourceTree = "<group>"; };
		0C933603204E8579004668CE /* LocationData.swift */ = {isa = PBXFileReference; lastKnownFileType = sourcecode.swift; path = LocationData.swift; sourceTree = "<group>"; };
		0CBFF350205E394500F7AEDB /* FeaturedViewController.swift */ = {isa = PBXFileReference; lastKnownFileType = sourcecode.swift; path = FeaturedViewController.swift; sourceTree = "<group>"; };
		0CBFF74D2076D31300FAF047 /* PopupViewController.swift */ = {isa = PBXFileReference; fileEncoding = 4; lastKnownFileType = sourcecode.swift; path = PopupViewController.swift; sourceTree = "<group>"; };
		0CBFF7512076D4A600FAF047 /* FilterTableViewCell.swift */ = {isa = PBXFileReference; fileEncoding = 4; lastKnownFileType = sourcecode.swift; path = FilterTableViewCell.swift; sourceTree = "<group>"; };
		0CBFF7532076D8BB00FAF047 /* ParseTag.swift */ = {isa = PBXFileReference; lastKnownFileType = sourcecode.swift; path = ParseTag.swift; sourceTree = "<group>"; };
		0CD80A682050CE8200F2FC91 /* locations-clean.json */ = {isa = PBXFileReference; lastKnownFileType = text.json; path = "locations-clean.json"; sourceTree = "<group>"; };
		2A0551F91243964E6BA51916 /* Pods-CampusTour.debug.xcconfig */ = {isa = PBXFileReference; includeInIndex = 1; lastKnownFileType = text.xcconfig; name = "Pods-CampusTour.debug.xcconfig"; path = "Pods/Target Support Files/Pods-CampusTour/Pods-CampusTour.debug.xcconfig"; sourceTree = "<group>"; };
		3CE7904CDF93FCD48D27432B /* Pods_CampusTour.framework */ = {isa = PBXFileReference; explicitFileType = wrapper.framework; includeInIndex = 0; path = Pods_CampusTour.framework; sourceTree = BUILT_PRODUCTS_DIR; };
		BC3498896E55A6CFE6BAA1C9 /* Pods-CampusTour.release.xcconfig */ = {isa = PBXFileReference; includeInIndex = 1; lastKnownFileType = text.xcconfig; name = "Pods-CampusTour.release.xcconfig"; path = "Pods/Target Support Files/Pods-CampusTour/Pods-CampusTour.release.xcconfig"; sourceTree = "<group>"; };
		CC10D019204C8DD2009B7808 /* POIMapViewController.swift */ = {isa = PBXFileReference; lastKnownFileType = sourcecode.swift; path = POIMapViewController.swift; sourceTree = "<group>"; };
		CC1B744120767C8300A4012A /* DataManager.swift */ = {isa = PBXFileReference; fileEncoding = 4; lastKnownFileType = sourcecode.swift; path = DataManager.swift; sourceTree = "<group>"; };
		CC1B744320767C8A00A4012A /* EventData.swift */ = {isa = PBXFileReference; fileEncoding = 4; lastKnownFileType = sourcecode.swift; path = EventData.swift; sourceTree = "<group>"; };
		CC1B74492077ECF900A4012A /* ItemFeedSearchManager.swift */ = {isa = PBXFileReference; lastKnownFileType = sourcecode.swift; name = ItemFeedSearchManager.swift; path = CampusTour/Helpers/ItemFeedSearchManager.swift; sourceTree = SOURCE_ROOT; };
		CC32B008205E02A400D08D9F /* ItemFeedViewController.swift */ = {isa = PBXFileReference; lastKnownFileType = sourcecode.swift; path = ItemFeedViewController.swift; sourceTree = "<group>"; };
		CC32B02A205EB59400D08D9F /* ItemOfInterestTableViewCell.swift */ = {isa = PBXFileReference; lastKnownFileType = sourcecode.swift; path = ItemOfInterestTableViewCell.swift; sourceTree = "<group>"; };
		CC32B02C205EBC1F00D08D9F /* MapTableViewCell.swift */ = {isa = PBXFileReference; lastKnownFileType = sourcecode.swift; path = MapTableViewCell.swift; sourceTree = "<group>"; };
		CC64244B20729331004FEAD0 /* LinearAlgebra.swift */ = {isa = PBXFileReference; lastKnownFileType = sourcecode.swift; path = LinearAlgebra.swift; sourceTree = "<group>"; };
		CC64244D2072A026004FEAD0 /* VirtualView.swift */ = {isa = PBXFileReference; lastKnownFileType = sourcecode.swift; path = VirtualView.swift; sourceTree = "<group>"; };
		CC642456207554BC004FEAD0 /* ItemFeedSectionInfo.swift */ = {isa = PBXFileReference; lastKnownFileType = sourcecode.swift; path = ItemFeedSectionInfo.swift; sourceTree = "<group>"; };
		CC6F88F820630FCD00D14711 /* TextAndColorHelpers.swift */ = {isa = PBXFileReference; lastKnownFileType = sourcecode.swift; path = TextAndColorHelpers.swift; sourceTree = "<group>"; };
		CC6F88FA2063160700D14711 /* StackViewHelpers.swift */ = {isa = PBXFileReference; lastKnownFileType = sourcecode.swift; path = StackViewHelpers.swift; sourceTree = "<group>"; };
		CC6F88FC2063191B00D14711 /* TestData.swift */ = {isa = PBXFileReference; lastKnownFileType = sourcecode.swift; path = TestData.swift; sourceTree = "<group>"; };
		CC6F88FE20631BD000D14711 /* MiscUIHelpers.swift */ = {isa = PBXFileReference; lastKnownFileType = sourcecode.swift; path = MiscUIHelpers.swift; sourceTree = "<group>"; };
		CCC583D4207867AC009538A1 /* FilterBarHelpers.swift */ = {isa = PBXFileReference; fileEncoding = 4; lastKnownFileType = sourcecode.swift; path = FilterBarHelpers.swift; sourceTree = "<group>"; };
		CCCE123920476BA900DCCC39 /* CampusTour.app */ = {isa = PBXFileReference; explicitFileType = wrapper.application; includeInIndex = 0; path = CampusTour.app; sourceTree = BUILT_PRODUCTS_DIR; };
		CCCE123C20476BA900DCCC39 /* AppDelegate.swift */ = {isa = PBXFileReference; lastKnownFileType = sourcecode.swift; path = AppDelegate.swift; sourceTree = "<group>"; };
		CCCE123E20476BA900DCCC39 /* ViewController.swift */ = {isa = PBXFileReference; lastKnownFileType = sourcecode.swift; path = ViewController.swift; sourceTree = "<group>"; };
		CCCE124620476BA900DCCC39 /* Base */ = {isa = PBXFileReference; lastKnownFileType = file.storyboard; name = Base; path = Base.lproj/LaunchScreen.storyboard; sourceTree = "<group>"; };
		CCCE124820476BA900DCCC39 /* Info.plist */ = {isa = PBXFileReference; lastKnownFileType = text.plist.xml; path = Info.plist; sourceTree = "<group>"; };
		CCD7389A206878FF00563DBF /* ARExplorerViewController.swift */ = {isa = PBXFileReference; lastKnownFileType = sourcecode.swift; path = ARExplorerViewController.swift; sourceTree = "<group>"; };
		CCD7389C20687B2800563DBF /* ARGpsHelper.swift */ = {isa = PBXFileReference; lastKnownFileType = sourcecode.swift; path = ARGpsHelper.swift; sourceTree = "<group>"; };
		CCE0A4E9204F3D360083BAE7 /* LocationProvider.swift */ = {isa = PBXFileReference; lastKnownFileType = sourcecode.swift; path = LocationProvider.swift; sourceTree = "<group>"; };
		CCE0A4EB2051AD860083BAE7 /* MainTabBarController.swift */ = {isa = PBXFileReference; lastKnownFileType = sourcecode.swift; path = MainTabBarController.swift; sourceTree = "<group>"; };
		CCE0A4EE2051B3B10083BAE7 /* TabBarHelpers.swift */ = {isa = PBXFileReference; lastKnownFileType = sourcecode.swift; path = TabBarHelpers.swift; sourceTree = "<group>"; };
		D14A2C1C2076A22F00B0CA96 /* LocationMarker.swift */ = {isa = PBXFileReference; lastKnownFileType = sourcecode.swift; path = LocationMarker.swift; sourceTree = "<group>"; };
		D14A2C1E2078A3FD00B0CA96 /* RPCircularProgress.swift */ = {isa = PBXFileReference; lastKnownFileType = sourcecode.swift; path = RPCircularProgress.swift; sourceTree = "<group>"; };
		D14A2C202078A43900B0CA96 /* LoadingIndicator.swift */ = {isa = PBXFileReference; lastKnownFileType = sourcecode.swift; path = LoadingIndicator.swift; sourceTree = "<group>"; };
		D14A2C242078C29300B0CA96 /* DataLoadingViewController.swift */ = {isa = PBXFileReference; lastKnownFileType = sourcecode.swift; path = DataLoadingViewController.swift; sourceTree = "<group>"; };
/* End PBXFileReference section */

/* Begin PBXFrameworksBuildPhase section */
		CCCE123620476BA900DCCC39 /* Frameworks */ = {
			isa = PBXFrameworksBuildPhase;
			buildActionMask = 2147483647;
			files = (
				7CBAB8D784B840FA0C7B78AE /* Pods_CampusTour.framework in Frameworks */,
			);
			runOnlyForDeploymentPostprocessing = 0;
		};
/* End PBXFrameworksBuildPhase section */

/* Begin PBXGroup section */
		0C933605204E858C004668CE /* Data */ = {
			isa = PBXGroup;
			children = (
				CC1B744120767C8300A4012A /* DataManager.swift */,
				0C933603204E8579004668CE /* LocationData.swift */,
				CC1B744320767C8A00A4012A /* EventData.swift */,
				CC6F88FC2063191B00D14711 /* TestData.swift */,
				0CBFF7532076D8BB00FAF047 /* ParseTag.swift */,
				0CD80A682050CE8200F2FC91 /* locations-clean.json */,
			);
			path = Data;
			sourceTree = "<group>";
		};
		1979DE881AA28ECC776B5503 /* Frameworks */ = {
			isa = PBXGroup;
			children = (
				3CE7904CDF93FCD48D27432B /* Pods_CampusTour.framework */,
			);
			name = Frameworks;
			sourceTree = "<group>";
		};
		7BAF4795C03C423E019DCDA8 /* Pods */ = {
			isa = PBXGroup;
			children = (
				2A0551F91243964E6BA51916 /* Pods-CampusTour.debug.xcconfig */,
				BC3498896E55A6CFE6BAA1C9 /* Pods-CampusTour.release.xcconfig */,
			);
			name = Pods;
			sourceTree = "<group>";
		};
		CC10D018204B5DF8009B7808 /* ViewControllers */ = {
			isa = PBXGroup;
			children = (
				CCCE123E20476BA900DCCC39 /* ViewController.swift */,
				0C0B0F4620681B4700D8D6DC /* DetailViewController.swift */,
				0CBFF350205E394500F7AEDB /* FeaturedViewController.swift */,
				CC32B008205E02A400D08D9F /* ItemFeedViewController.swift */,
				CCE0A4EB2051AD860083BAE7 /* MainTabBarController.swift */,
				CC10D019204C8DD2009B7808 /* POIMapViewController.swift */,
				0CBFF74D2076D31300FAF047 /* PopupViewController.swift */,
				D14A2C242078C29300B0CA96 /* DataLoadingViewController.swift */,
			);
			path = ViewControllers;
			sourceTree = "<group>";
		};
		CC32B00B205E074600D08D9F /* TableCells */ = {
			isa = PBXGroup;
			children = (
				CC32B02A205EB59400D08D9F /* ItemOfInterestTableViewCell.swift */,
				0CBFF7512076D4A600FAF047 /* FilterTableViewCell.swift */,
				CC32B02C205EBC1F00D08D9F /* MapTableViewCell.swift */,
			);
			path = TableCells;
			sourceTree = "<group>";
		};
		CC64244F2072C3D2004FEAD0 /* UI */ = {
			isa = PBXGroup;
			children = (
				CC6F88FE20631BD000D14711 /* MiscUIHelpers.swift */,
				D14A2C1C2076A22F00B0CA96 /* LocationMarker.swift */,
			);
			path = UI;
			sourceTree = "<group>";
		};
		CCCE123020476BA900DCCC39 = {
			isa = PBXGroup;
			children = (
				CCCE123B20476BA900DCCC39 /* CampusTour */,
				CCCE123A20476BA900DCCC39 /* Products */,
				7BAF4795C03C423E019DCDA8 /* Pods */,
				1979DE881AA28ECC776B5503 /* Frameworks */,
			);
			sourceTree = "<group>";
		};
		CCCE123A20476BA900DCCC39 /* Products */ = {
			isa = PBXGroup;
			children = (
				CCCE123920476BA900DCCC39 /* CampusTour.app */,
			);
			name = Products;
			sourceTree = "<group>";
		};
		CCCE123B20476BA900DCCC39 /* CampusTour */ = {
			isa = PBXGroup;
			children = (
				CCCE123C20476BA900DCCC39 /* AppDelegate.swift */,
				CCD73899206878CB00563DBF /* AR */,
				0C933605204E858C004668CE /* Data */,
				CCE0A4ED2051B3990083BAE7 /* Helpers */,
				CCE0A4E8204F3D250083BAE7 /* Model */,
				CC32B00B205E074600D08D9F /* TableCells */,
				CC10D018204B5DF8009B7808 /* ViewControllers */,
				CCCE124520476BA900DCCC39 /* LaunchScreen.storyboard */,
				0C6398452077DD600080E71B /* Assets.xcassets */,
				CCCE124820476BA900DCCC39 /* Info.plist */,
			);
			path = CampusTour;
			sourceTree = "<group>";
		};
		CCD73899206878CB00563DBF /* AR */ = {
			isa = PBXGroup;
			children = (
				CCD7389A206878FF00563DBF /* ARExplorerViewController.swift */,
				CC64244D2072A026004FEAD0 /* VirtualView.swift */,
				CCD7389C20687B2800563DBF /* ARGpsHelper.swift */,
				CC64244B20729331004FEAD0 /* LinearAlgebra.swift */,
			);
			path = AR;
			sourceTree = "<group>";
		};
		CCE0A4E8204F3D250083BAE7 /* Model */ = {
			isa = PBXGroup;
			children = (
				CCE0A4E9204F3D360083BAE7 /* LocationProvider.swift */,
			);
			path = Model;
			sourceTree = "<group>";
		};
		CCE0A4ED2051B3990083BAE7 /* Helpers */ = {
			isa = PBXGroup;
			children = (
				CC1B74492077ECF900A4012A /* ItemFeedSearchManager.swift */,
				CCE0A4EE2051B3B10083BAE7 /* TabBarHelpers.swift */,
				CCC583D4207867AC009538A1 /* FilterBarHelpers.swift */,
				CC642456207554BC004FEAD0 /* ItemFeedSectionInfo.swift */,
				0C3C39642076C84500CA41DA /* DateHelpers.swift */,
				CC6F88FA2063160700D14711 /* StackViewHelpers.swift */,
				0C6398432077AB990080E71B /* PopupViewHelpers.swift */,
				CC6F88F820630FCD00D14711 /* TextAndColorHelpers.swift */,
				CC64244F2072C3D2004FEAD0 /* UI */,
				D14A2C1E2078A3FD00B0CA96 /* RPCircularProgress.swift */,
				D14A2C202078A43900B0CA96 /* LoadingIndicator.swift */,
			);
			path = Helpers;
			sourceTree = "<group>";
		};
/* End PBXGroup section */

/* Begin PBXNativeTarget section */
		CCCE123820476BA900DCCC39 /* CampusTour */ = {
			isa = PBXNativeTarget;
			buildConfigurationList = CCCE124B20476BA900DCCC39 /* Build configuration list for PBXNativeTarget "CampusTour" */;
			buildPhases = (
				6B35EC8B2AC605DE6241664F /* [CP] Check Pods Manifest.lock */,
				CCCE123520476BA900DCCC39 /* Sources */,
				CCCE123620476BA900DCCC39 /* Frameworks */,
				CCCE123720476BA900DCCC39 /* Resources */,
				A70CEB26A1EE7641C3CE8415 /* [CP] Embed Pods Frameworks */,
				3E6CC5F9B777779775EE1AE2 /* [CP] Copy Pods Resources */,
			);
			buildRules = (
			);
			dependencies = (
			);
			name = CampusTour;
			productName = CampusTour;
			productReference = CCCE123920476BA900DCCC39 /* CampusTour.app */;
			productType = "com.apple.product-type.application";
		};
/* End PBXNativeTarget section */

/* Begin PBXProject section */
		CCCE123120476BA900DCCC39 /* Project object */ = {
			isa = PBXProject;
			attributes = {
				LastSwiftUpdateCheck = 0920;
				LastUpgradeCheck = 0920;
				ORGANIZATIONNAME = cuappdev;
				TargetAttributes = {
					CCCE123820476BA900DCCC39 = {
						CreatedOnToolsVersion = 9.2;
						ProvisioningStyle = Automatic;
					};
				};
			};
			buildConfigurationList = CCCE123420476BA900DCCC39 /* Build configuration list for PBXProject "CampusTour" */;
			compatibilityVersion = "Xcode 8.0";
			developmentRegion = en;
			hasScannedForEncodings = 0;
			knownRegions = (
				en,
				Base,
			);
			mainGroup = CCCE123020476BA900DCCC39;
			productRefGroup = CCCE123A20476BA900DCCC39 /* Products */;
			projectDirPath = "";
			projectRoot = "";
			targets = (
				CCCE123820476BA900DCCC39 /* CampusTour */,
			);
		};
/* End PBXProject section */

/* Begin PBXResourcesBuildPhase section */
		CCCE123720476BA900DCCC39 /* Resources */ = {
			isa = PBXResourcesBuildPhase;
			buildActionMask = 2147483647;
			files = (
				CCCE124720476BA900DCCC39 /* LaunchScreen.storyboard in Resources */,
				0C6398462077DD600080E71B /* Assets.xcassets in Resources */,
				0CD80A692050CE8200F2FC91 /* locations-clean.json in Resources */,
			);
			runOnlyForDeploymentPostprocessing = 0;
		};
/* End PBXResourcesBuildPhase section */

/* Begin PBXShellScriptBuildPhase section */
		3E6CC5F9B777779775EE1AE2 /* [CP] Copy Pods Resources */ = {
			isa = PBXShellScriptBuildPhase;
			buildActionMask = 2147483647;
			files = (
			);
			inputPaths = (
				"${SRCROOT}/Pods/Target Support Files/Pods-CampusTour/Pods-CampusTour-resources.sh",
				"${PODS_ROOT}/GoogleMaps/Maps/Frameworks/GoogleMaps.framework/Resources/GoogleMaps.bundle",
			);
			name = "[CP] Copy Pods Resources";
			outputPaths = (
				"${TARGET_BUILD_DIR}/${UNLOCALIZED_RESOURCES_FOLDER_PATH}/GoogleMaps.bundle",
			);
			runOnlyForDeploymentPostprocessing = 0;
			shellPath = /bin/sh;
			shellScript = "\"${SRCROOT}/Pods/Target Support Files/Pods-CampusTour/Pods-CampusTour-resources.sh\"\n";
			showEnvVarsInLog = 0;
		};
		6B35EC8B2AC605DE6241664F /* [CP] Check Pods Manifest.lock */ = {
			isa = PBXShellScriptBuildPhase;
			buildActionMask = 2147483647;
			files = (
			);
			inputPaths = (
				"${PODS_PODFILE_DIR_PATH}/Podfile.lock",
				"${PODS_ROOT}/Manifest.lock",
			);
			name = "[CP] Check Pods Manifest.lock";
			outputPaths = (
				"$(DERIVED_FILE_DIR)/Pods-CampusTour-checkManifestLockResult.txt",
			);
			runOnlyForDeploymentPostprocessing = 0;
			shellPath = /bin/sh;
			shellScript = "diff \"${PODS_PODFILE_DIR_PATH}/Podfile.lock\" \"${PODS_ROOT}/Manifest.lock\" > /dev/null\nif [ $? != 0 ] ; then\n    # print error to STDERR\n    echo \"error: The sandbox is not in sync with the Podfile.lock. Run 'pod install' or update your CocoaPods installation.\" >&2\n    exit 1\nfi\n# This output is used by Xcode 'outputs' to avoid re-running this script phase.\necho \"SUCCESS\" > \"${SCRIPT_OUTPUT_FILE_0}\"\n";
			showEnvVarsInLog = 0;
		};
		A70CEB26A1EE7641C3CE8415 /* [CP] Embed Pods Frameworks */ = {
			isa = PBXShellScriptBuildPhase;
			buildActionMask = 2147483647;
			files = (
			);
			inputPaths = (
				"${SRCROOT}/Pods/Target Support Files/Pods-CampusTour/Pods-CampusTour-frameworks.sh",
				"${BUILT_PRODUCTS_DIR}/Alamofire/Alamofire.framework",
				"${BUILT_PRODUCTS_DIR}/AlamofireImage/AlamofireImage.framework",
				"${BUILT_PRODUCTS_DIR}/DZNEmptyDataSet/DZNEmptyDataSet.framework",
				"${BUILT_PRODUCTS_DIR}/Keys/Keys.framework",
				"${BUILT_PRODUCTS_DIR}/SnapKit/SnapKit.framework",
				"${BUILT_PRODUCTS_DIR}/SwiftDate/SwiftDate.framework",
			);
			name = "[CP] Embed Pods Frameworks";
			outputPaths = (
				"${TARGET_BUILD_DIR}/${FRAMEWORKS_FOLDER_PATH}/Alamofire.framework",
				"${TARGET_BUILD_DIR}/${FRAMEWORKS_FOLDER_PATH}/AlamofireImage.framework",
				"${TARGET_BUILD_DIR}/${FRAMEWORKS_FOLDER_PATH}/DZNEmptyDataSet.framework",
				"${TARGET_BUILD_DIR}/${FRAMEWORKS_FOLDER_PATH}/Keys.framework",
				"${TARGET_BUILD_DIR}/${FRAMEWORKS_FOLDER_PATH}/SnapKit.framework",
				"${TARGET_BUILD_DIR}/${FRAMEWORKS_FOLDER_PATH}/SwiftDate.framework",
			);
			runOnlyForDeploymentPostprocessing = 0;
			shellPath = /bin/sh;
			shellScript = "\"${SRCROOT}/Pods/Target Support Files/Pods-CampusTour/Pods-CampusTour-frameworks.sh\"\n";
			showEnvVarsInLog = 0;
		};
/* End PBXShellScriptBuildPhase section */

/* Begin PBXSourcesBuildPhase section */
		CCCE123520476BA900DCCC39 /* Sources */ = {
			isa = PBXSourcesBuildPhase;
			buildActionMask = 2147483647;
			files = (
				D14A2C1F2078A3FD00B0CA96 /* RPCircularProgress.swift in Sources */,
				CCE0A4EA204F3D360083BAE7 /* LocationProvider.swift in Sources */,
				CCCE123F20476BA900DCCC39 /* ViewController.swift in Sources */,
				CC64244E2072A026004FEAD0 /* VirtualView.swift in Sources */,
				0C0B0F4720681B4700D8D6DC /* DetailViewController.swift in Sources */,
				0CBFF7522076D4A600FAF047 /* FilterTableViewCell.swift in Sources */,
				CC1B744220767C8300A4012A /* DataManager.swift in Sources */,
				0C933604204E8579004668CE /* LocationData.swift in Sources */,
				CC32B02D205EBC1F00D08D9F /* MapTableViewCell.swift in Sources */,
				CCC583D5207867AC009538A1 /* FilterBarHelpers.swift in Sources */,
				0CBFF7542076D8BB00FAF047 /* ParseTag.swift in Sources */,
				CCE0A4EC2051AD860083BAE7 /* MainTabBarController.swift in Sources */,
				D14A2C212078A43900B0CA96 /* LoadingIndicator.swift in Sources */,
				CC6F88F920630FCD00D14711 /* TextAndColorHelpers.swift in Sources */,
				CC6F88FB2063160700D14711 /* StackViewHelpers.swift in Sources */,
				CC32B02B205EB59400D08D9F /* ItemOfInterestTableViewCell.swift in Sources */,
				CC642457207554BC004FEAD0 /* ItemFeedSectionInfo.swift in Sources */,
				0C6398442077AB990080E71B /* PopupViewHelpers.swift in Sources */,
				CC1B744A2077ECF900A4012A /* ItemFeedSearchManager.swift in Sources */,
				CC10D01A204C8DD2009B7808 /* POIMapViewController.swift in Sources */,
				CC6F88FD2063191B00D14711 /* TestData.swift in Sources */,
				CC1B744420767C8A00A4012A /* EventData.swift in Sources */,
				CC32B009205E02A400D08D9F /* ItemFeedViewController.swift in Sources */,
				CC6F88FF20631BD000D14711 /* MiscUIHelpers.swift in Sources */,
				CCD7389D20687B2800563DBF /* ARGpsHelper.swift in Sources */,
				CCD7389B206878FF00563DBF /* ARExplorerViewController.swift in Sources */,
				D14A2C1D2076A22F00B0CA96 /* LocationMarker.swift in Sources */,
				CC64244C20729331004FEAD0 /* LinearAlgebra.swift in Sources */,
				CCCE123D20476BA900DCCC39 /* AppDelegate.swift in Sources */,
				0CBFF74E2076D31300FAF047 /* PopupViewController.swift in Sources */,
				CCE0A4EF2051B3B10083BAE7 /* TabBarHelpers.swift in Sources */,
				0CBFF351205E394500F7AEDB /* FeaturedViewController.swift in Sources */,
				D14A2C252078C29300B0CA96 /* DataLoadingViewController.swift in Sources */,
				0C3C39652076C84500CA41DA /* DateHelpers.swift in Sources */,
			);
			runOnlyForDeploymentPostprocessing = 0;
		};
/* End PBXSourcesBuildPhase section */

/* Begin PBXVariantGroup section */
		CCCE124520476BA900DCCC39 /* LaunchScreen.storyboard */ = {
			isa = PBXVariantGroup;
			children = (
				CCCE124620476BA900DCCC39 /* Base */,
			);
			name = LaunchScreen.storyboard;
			sourceTree = "<group>";
		};
/* End PBXVariantGroup section */

/* Begin XCBuildConfiguration section */
		CCCE124920476BA900DCCC39 /* Debug */ = {
			isa = XCBuildConfiguration;
			buildSettings = {
				ALWAYS_SEARCH_USER_PATHS = NO;
				CLANG_ANALYZER_NONNULL = YES;
				CLANG_ANALYZER_NUMBER_OBJECT_CONVERSION = YES_AGGRESSIVE;
				CLANG_CXX_LANGUAGE_STANDARD = "gnu++14";
				CLANG_CXX_LIBRARY = "libc++";
				CLANG_ENABLE_MODULES = YES;
				CLANG_ENABLE_OBJC_ARC = YES;
				CLANG_WARN_BLOCK_CAPTURE_AUTORELEASING = YES;
				CLANG_WARN_BOOL_CONVERSION = YES;
				CLANG_WARN_COMMA = YES;
				CLANG_WARN_CONSTANT_CONVERSION = YES;
				CLANG_WARN_DIRECT_OBJC_ISA_USAGE = YES_ERROR;
				CLANG_WARN_DOCUMENTATION_COMMENTS = YES;
				CLANG_WARN_EMPTY_BODY = YES;
				CLANG_WARN_ENUM_CONVERSION = YES;
				CLANG_WARN_INFINITE_RECURSION = YES;
				CLANG_WARN_INT_CONVERSION = YES;
				CLANG_WARN_NON_LITERAL_NULL_CONVERSION = YES;
				CLANG_WARN_OBJC_LITERAL_CONVERSION = YES;
				CLANG_WARN_OBJC_ROOT_CLASS = YES_ERROR;
				CLANG_WARN_RANGE_LOOP_ANALYSIS = YES;
				CLANG_WARN_STRICT_PROTOTYPES = YES;
				CLANG_WARN_SUSPICIOUS_MOVE = YES;
				CLANG_WARN_UNGUARDED_AVAILABILITY = YES_AGGRESSIVE;
				CLANG_WARN_UNREACHABLE_CODE = YES;
				CLANG_WARN__DUPLICATE_METHOD_MATCH = YES;
				CODE_SIGN_IDENTITY = "iPhone Developer";
				COPY_PHASE_STRIP = NO;
				DEBUG_INFORMATION_FORMAT = dwarf;
				ENABLE_STRICT_OBJC_MSGSEND = YES;
				ENABLE_TESTABILITY = YES;
				GCC_C_LANGUAGE_STANDARD = gnu11;
				GCC_DYNAMIC_NO_PIC = NO;
				GCC_NO_COMMON_BLOCKS = YES;
				GCC_OPTIMIZATION_LEVEL = 0;
				GCC_PREPROCESSOR_DEFINITIONS = (
					"DEBUG=1",
					"$(inherited)",
				);
				GCC_WARN_64_TO_32_BIT_CONVERSION = YES;
				GCC_WARN_ABOUT_RETURN_TYPE = YES_ERROR;
				GCC_WARN_UNDECLARED_SELECTOR = YES;
				GCC_WARN_UNINITIALIZED_AUTOS = YES_AGGRESSIVE;
				GCC_WARN_UNUSED_FUNCTION = YES;
				GCC_WARN_UNUSED_VARIABLE = YES;
				IPHONEOS_DEPLOYMENT_TARGET = 11.2;
				MTL_ENABLE_DEBUG_INFO = YES;
				ONLY_ACTIVE_ARCH = YES;
				SDKROOT = iphoneos;
				SWIFT_ACTIVE_COMPILATION_CONDITIONS = DEBUG;
				SWIFT_OPTIMIZATION_LEVEL = "-Onone";
			};
			name = Debug;
		};
		CCCE124A20476BA900DCCC39 /* Release */ = {
			isa = XCBuildConfiguration;
			buildSettings = {
				ALWAYS_SEARCH_USER_PATHS = NO;
				CLANG_ANALYZER_NONNULL = YES;
				CLANG_ANALYZER_NUMBER_OBJECT_CONVERSION = YES_AGGRESSIVE;
				CLANG_CXX_LANGUAGE_STANDARD = "gnu++14";
				CLANG_CXX_LIBRARY = "libc++";
				CLANG_ENABLE_MODULES = YES;
				CLANG_ENABLE_OBJC_ARC = YES;
				CLANG_WARN_BLOCK_CAPTURE_AUTORELEASING = YES;
				CLANG_WARN_BOOL_CONVERSION = YES;
				CLANG_WARN_COMMA = YES;
				CLANG_WARN_CONSTANT_CONVERSION = YES;
				CLANG_WARN_DIRECT_OBJC_ISA_USAGE = YES_ERROR;
				CLANG_WARN_DOCUMENTATION_COMMENTS = YES;
				CLANG_WARN_EMPTY_BODY = YES;
				CLANG_WARN_ENUM_CONVERSION = YES;
				CLANG_WARN_INFINITE_RECURSION = YES;
				CLANG_WARN_INT_CONVERSION = YES;
				CLANG_WARN_NON_LITERAL_NULL_CONVERSION = YES;
				CLANG_WARN_OBJC_LITERAL_CONVERSION = YES;
				CLANG_WARN_OBJC_ROOT_CLASS = YES_ERROR;
				CLANG_WARN_RANGE_LOOP_ANALYSIS = YES;
				CLANG_WARN_STRICT_PROTOTYPES = YES;
				CLANG_WARN_SUSPICIOUS_MOVE = YES;
				CLANG_WARN_UNGUARDED_AVAILABILITY = YES_AGGRESSIVE;
				CLANG_WARN_UNREACHABLE_CODE = YES;
				CLANG_WARN__DUPLICATE_METHOD_MATCH = YES;
				CODE_SIGN_IDENTITY = "iPhone Developer";
				COPY_PHASE_STRIP = NO;
				DEBUG_INFORMATION_FORMAT = "dwarf-with-dsym";
				ENABLE_NS_ASSERTIONS = NO;
				ENABLE_STRICT_OBJC_MSGSEND = YES;
				GCC_C_LANGUAGE_STANDARD = gnu11;
				GCC_NO_COMMON_BLOCKS = YES;
				GCC_WARN_64_TO_32_BIT_CONVERSION = YES;
				GCC_WARN_ABOUT_RETURN_TYPE = YES_ERROR;
				GCC_WARN_UNDECLARED_SELECTOR = YES;
				GCC_WARN_UNINITIALIZED_AUTOS = YES_AGGRESSIVE;
				GCC_WARN_UNUSED_FUNCTION = YES;
				GCC_WARN_UNUSED_VARIABLE = YES;
				IPHONEOS_DEPLOYMENT_TARGET = 11.2;
				MTL_ENABLE_DEBUG_INFO = NO;
				SDKROOT = iphoneos;
				SWIFT_OPTIMIZATION_LEVEL = "-Owholemodule";
				VALIDATE_PRODUCT = YES;
			};
			name = Release;
		};
		CCCE124C20476BA900DCCC39 /* Debug */ = {
			isa = XCBuildConfiguration;
			baseConfigurationReference = 2A0551F91243964E6BA51916 /* Pods-CampusTour.debug.xcconfig */;
			buildSettings = {
				ASSETCATALOG_COMPILER_APPICON_NAME = AppIcon;
				CODE_SIGN_STYLE = Automatic;
				DEVELOPMENT_TEAM = TD73A242XE;
				INFOPLIST_FILE = CampusTour/Info.plist;
				LD_RUNPATH_SEARCH_PATHS = "$(inherited) @executable_path/Frameworks";
				PRODUCT_BUNDLE_IDENTIFIER = org.cuappdev.CampusTour;
				PRODUCT_NAME = "$(TARGET_NAME)";
				SWIFT_VERSION = 4.0;
				TARGETED_DEVICE_FAMILY = "1,2";
			};
			name = Debug;
		};
		CCCE124D20476BA900DCCC39 /* Release */ = {
			isa = XCBuildConfiguration;
			baseConfigurationReference = BC3498896E55A6CFE6BAA1C9 /* Pods-CampusTour.release.xcconfig */;
			buildSettings = {
				ASSETCATALOG_COMPILER_APPICON_NAME = AppIcon;
				CODE_SIGN_STYLE = Automatic;
				DEVELOPMENT_TEAM = TD73A242XE;
				INFOPLIST_FILE = CampusTour/Info.plist;
				LD_RUNPATH_SEARCH_PATHS = "$(inherited) @executable_path/Frameworks";
				PRODUCT_BUNDLE_IDENTIFIER = org.cuappdev.CampusTour;
				PRODUCT_NAME = "$(TARGET_NAME)";
				SWIFT_VERSION = 4.0;
				TARGETED_DEVICE_FAMILY = "1,2";
			};
			name = Release;
		};
/* End XCBuildConfiguration section */

/* Begin XCConfigurationList section */
		CCCE123420476BA900DCCC39 /* Build configuration list for PBXProject "CampusTour" */ = {
			isa = XCConfigurationList;
			buildConfigurations = (
				CCCE124920476BA900DCCC39 /* Debug */,
				CCCE124A20476BA900DCCC39 /* Release */,
			);
			defaultConfigurationIsVisible = 0;
			defaultConfigurationName = Release;
		};
		CCCE124B20476BA900DCCC39 /* Build configuration list for PBXNativeTarget "CampusTour" */ = {
			isa = XCConfigurationList;
			buildConfigurations = (
				CCCE124C20476BA900DCCC39 /* Debug */,
				CCCE124D20476BA900DCCC39 /* Release */,
			);
			defaultConfigurationIsVisible = 0;
			defaultConfigurationName = Release;
		};
/* End XCConfigurationList section */
	};
	rootObject = CCCE123120476BA900DCCC39 /* Project object */;
}
